// !$*UTF8*$!
{
	archiveVersion = 1;
	classes = {
	};
	objectVersion = 56;
	objects = {

/* Begin PBXBuildFile section */
		45A2CC5C2CAF379D0015A0D7 /* bootcamp_weather_appApp.swift in Sources */ = {isa = PBXBuildFile; fileRef = 45A2CC5B2CAF379D0015A0D7 /* bootcamp_weather_appApp.swift */; };
		45A2CC602CAF379F0015A0D7 /* Assets.xcassets in Resources */ = {isa = PBXBuildFile; fileRef = 45A2CC5F2CAF379F0015A0D7 /* Assets.xcassets */; };
		45A2CC632CAF379F0015A0D7 /* Preview Assets.xcassets in Resources */ = {isa = PBXBuildFile; fileRef = 45A2CC622CAF379F0015A0D7 /* Preview Assets.xcassets */; };
		45A2CC6D2CAF379F0015A0D7 /* bootcamp_weather_appTests.swift in Sources */ = {isa = PBXBuildFile; fileRef = 45A2CC6C2CAF379F0015A0D7 /* bootcamp_weather_appTests.swift */; };
		45A2CC772CAF379F0015A0D7 /* bootcamp_weather_appUITests.swift in Sources */ = {isa = PBXBuildFile; fileRef = 45A2CC762CAF379F0015A0D7 /* bootcamp_weather_appUITests.swift */; };
		45A2CC792CAF379F0015A0D7 /* bootcamp_weather_appUITestsLaunchTests.swift in Sources */ = {isa = PBXBuildFile; fileRef = 45A2CC782CAF379F0015A0D7 /* bootcamp_weather_appUITestsLaunchTests.swift */; };
		45A2CC862CAF38B60015A0D7 /* API.swift in Sources */ = {isa = PBXBuildFile; fileRef = 45A2CC852CAF38B60015A0D7 /* API.swift */; };
		45A2CC892CAF4BD40015A0D7 /* WeatherService.swift in Sources */ = {isa = PBXBuildFile; fileRef = 45A2CC882CAF4BD40015A0D7 /* WeatherService.swift */; };
		45A2CC8B2CAF4C100015A0D7 /* CurrentWeather.swift in Sources */ = {isa = PBXBuildFile; fileRef = 45A2CC8A2CAF4C100015A0D7 /* CurrentWeather.swift */; };
		9F79BEB02CAF4EA600649ED0 /* ForecastWeatherView.swift in Sources */ = {isa = PBXBuildFile; fileRef = 9F79BEAA2CAF4EA600649ED0 /* ForecastWeatherView.swift */; };
		9F79BEB12CAF4EA600649ED0 /* WeatherViewModel.swift in Sources */ = {isa = PBXBuildFile; fileRef = 9F79BEAD2CAF4EA600649ED0 /* WeatherViewModel.swift */; };
		9F79BEB22CAF4EA600649ED0 /* Color+Addition.swift in Sources */ = {isa = PBXBuildFile; fileRef = 9F79BEA82CAF4EA600649ED0 /* Color+Addition.swift */; };
		9F79BEB32CAF4EA600649ED0 /* WeatherView.swift in Sources */ = {isa = PBXBuildFile; fileRef = 9F79BEAB2CAF4EA600649ED0 /* WeatherView.swift */; };
/* End PBXBuildFile section */

/* Begin PBXContainerItemProxy section */
		45A2CC692CAF379F0015A0D7 /* PBXContainerItemProxy */ = {
			isa = PBXContainerItemProxy;
			containerPortal = 45A2CC502CAF379D0015A0D7 /* Project object */;
			proxyType = 1;
			remoteGlobalIDString = 45A2CC572CAF379D0015A0D7;
			remoteInfo = "bootcamp-weather-app";
		};
		45A2CC732CAF379F0015A0D7 /* PBXContainerItemProxy */ = {
			isa = PBXContainerItemProxy;
			containerPortal = 45A2CC502CAF379D0015A0D7 /* Project object */;
			proxyType = 1;
			remoteGlobalIDString = 45A2CC572CAF379D0015A0D7;
			remoteInfo = "bootcamp-weather-app";
		};
/* End PBXContainerItemProxy section */

/* Begin PBXFileReference section */
		45A2CC582CAF379D0015A0D7 /* bootcamp-weather-app.app */ = {isa = PBXFileReference; explicitFileType = wrapper.application; includeInIndex = 0; path = "bootcamp-weather-app.app"; sourceTree = BUILT_PRODUCTS_DIR; };
		45A2CC5B2CAF379D0015A0D7 /* bootcamp_weather_appApp.swift */ = {isa = PBXFileReference; lastKnownFileType = sourcecode.swift; path = bootcamp_weather_appApp.swift; sourceTree = "<group>"; };
		45A2CC5F2CAF379F0015A0D7 /* Assets.xcassets */ = {isa = PBXFileReference; lastKnownFileType = folder.assetcatalog; path = Assets.xcassets; sourceTree = "<group>"; };
		45A2CC622CAF379F0015A0D7 /* Preview Assets.xcassets */ = {isa = PBXFileReference; lastKnownFileType = folder.assetcatalog; path = "Preview Assets.xcassets"; sourceTree = "<group>"; };
		45A2CC682CAF379F0015A0D7 /* bootcamp-weather-appTests.xctest */ = {isa = PBXFileReference; explicitFileType = wrapper.cfbundle; includeInIndex = 0; path = "bootcamp-weather-appTests.xctest"; sourceTree = BUILT_PRODUCTS_DIR; };
		45A2CC6C2CAF379F0015A0D7 /* bootcamp_weather_appTests.swift */ = {isa = PBXFileReference; lastKnownFileType = sourcecode.swift; path = bootcamp_weather_appTests.swift; sourceTree = "<group>"; };
		45A2CC722CAF379F0015A0D7 /* bootcamp-weather-appUITests.xctest */ = {isa = PBXFileReference; explicitFileType = wrapper.cfbundle; includeInIndex = 0; path = "bootcamp-weather-appUITests.xctest"; sourceTree = BUILT_PRODUCTS_DIR; };
		45A2CC762CAF379F0015A0D7 /* bootcamp_weather_appUITests.swift */ = {isa = PBXFileReference; lastKnownFileType = sourcecode.swift; path = bootcamp_weather_appUITests.swift; sourceTree = "<group>"; };
		45A2CC782CAF379F0015A0D7 /* bootcamp_weather_appUITestsLaunchTests.swift */ = {isa = PBXFileReference; lastKnownFileType = sourcecode.swift; path = bootcamp_weather_appUITestsLaunchTests.swift; sourceTree = "<group>"; };
		45A2CC852CAF38B60015A0D7 /* API.swift */ = {isa = PBXFileReference; lastKnownFileType = sourcecode.swift; path = API.swift; sourceTree = "<group>"; };
		45A2CC882CAF4BD40015A0D7 /* WeatherService.swift */ = {isa = PBXFileReference; lastKnownFileType = sourcecode.swift; path = WeatherService.swift; sourceTree = "<group>"; };
		45A2CC8A2CAF4C100015A0D7 /* CurrentWeather.swift */ = {isa = PBXFileReference; lastKnownFileType = sourcecode.swift; path = CurrentWeather.swift; sourceTree = "<group>"; };
		9F79BEA82CAF4EA600649ED0 /* Color+Addition.swift */ = {isa = PBXFileReference; lastKnownFileType = sourcecode.swift; path = "Color+Addition.swift"; sourceTree = "<group>"; };
		9F79BEAA2CAF4EA600649ED0 /* ForecastWeatherView.swift */ = {isa = PBXFileReference; lastKnownFileType = sourcecode.swift; path = ForecastWeatherView.swift; sourceTree = "<group>"; };
		9F79BEAB2CAF4EA600649ED0 /* WeatherView.swift */ = {isa = PBXFileReference; lastKnownFileType = sourcecode.swift; path = WeatherView.swift; sourceTree = "<group>"; };
		9F79BEAD2CAF4EA600649ED0 /* WeatherViewModel.swift */ = {isa = PBXFileReference; lastKnownFileType = sourcecode.swift; path = WeatherViewModel.swift; sourceTree = "<group>"; };
/* End PBXFileReference section */

/* Begin PBXFrameworksBuildPhase section */
		45A2CC552CAF379D0015A0D7 /* Frameworks */ = {
			isa = PBXFrameworksBuildPhase;
			buildActionMask = 2147483647;
			files = (
			);
			runOnlyForDeploymentPostprocessing = 0;
		};
		45A2CC652CAF379F0015A0D7 /* Frameworks */ = {
			isa = PBXFrameworksBuildPhase;
			buildActionMask = 2147483647;
			files = (
			);
			runOnlyForDeploymentPostprocessing = 0;
		};
		45A2CC6F2CAF379F0015A0D7 /* Frameworks */ = {
			isa = PBXFrameworksBuildPhase;
			buildActionMask = 2147483647;
			files = (
			);
			runOnlyForDeploymentPostprocessing = 0;
		};
/* End PBXFrameworksBuildPhase section */

/* Begin PBXGroup section */
		45A2CC4F2CAF379D0015A0D7 = {
			isa = PBXGroup;
			children = (
				45A2CC5A2CAF379D0015A0D7 /* bootcamp-weather-app */,
				45A2CC6B2CAF379F0015A0D7 /* bootcamp-weather-appTests */,
				45A2CC752CAF379F0015A0D7 /* bootcamp-weather-appUITests */,
				45A2CC592CAF379D0015A0D7 /* Products */,
			);
			sourceTree = "<group>";
		};
		45A2CC592CAF379D0015A0D7 /* Products */ = {
			isa = PBXGroup;
			children = (
				45A2CC582CAF379D0015A0D7 /* bootcamp-weather-app.app */,
				45A2CC682CAF379F0015A0D7 /* bootcamp-weather-appTests.xctest */,
				45A2CC722CAF379F0015A0D7 /* bootcamp-weather-appUITests.xctest */,
			);
			name = Products;
			sourceTree = "<group>";
		};
		45A2CC5A2CAF379D0015A0D7 /* bootcamp-weather-app */ = {
			isa = PBXGroup;
			children = (
				45A2CC5B2CAF379D0015A0D7 /* bootcamp_weather_appApp.swift */,
				45A2CC852CAF38B60015A0D7 /* API.swift */,
				9F79BEA92CAF4EA600649ED0 /* Extension */,
				9F79BEAF2CAF4EA600649ED0 /* Presentation */,
				45A2CC872CAF4BBF0015A0D7 /* WeatherService */,
				45A2CC5F2CAF379F0015A0D7 /* Assets.xcassets */,
				45A2CC612CAF379F0015A0D7 /* Preview Content */,
			);
			path = "bootcamp-weather-app";
			sourceTree = "<group>";
		};
		45A2CC612CAF379F0015A0D7 /* Preview Content */ = {
			isa = PBXGroup;
			children = (
				45A2CC622CAF379F0015A0D7 /* Preview Assets.xcassets */,
			);
			path = "Preview Content";
			sourceTree = "<group>";
		};
		45A2CC6B2CAF379F0015A0D7 /* bootcamp-weather-appTests */ = {
			isa = PBXGroup;
			children = (
				45A2CC6C2CAF379F0015A0D7 /* bootcamp_weather_appTests.swift */,
			);
			path = "bootcamp-weather-appTests";
			sourceTree = "<group>";
		};
		45A2CC752CAF379F0015A0D7 /* bootcamp-weather-appUITests */ = {
			isa = PBXGroup;
			children = (
				45A2CC762CAF379F0015A0D7 /* bootcamp_weather_appUITests.swift */,
				45A2CC782CAF379F0015A0D7 /* bootcamp_weather_appUITestsLaunchTests.swift */,
			);
			path = "bootcamp-weather-appUITests";
			sourceTree = "<group>";
		};
		45A2CC872CAF4BBF0015A0D7 /* WeatherService */ = {
			isa = PBXGroup;
			children = (
				45A2CC882CAF4BD40015A0D7 /* WeatherService.swift */,
				45A2CC8A2CAF4C100015A0D7 /* CurrentWeather.swift */,
			);
			path = WeatherService;
			sourceTree = "<group>";
		};
		9F79BEA92CAF4EA600649ED0 /* Extension */ = {
			isa = PBXGroup;
			children = (
				9F79BEA82CAF4EA600649ED0 /* Color+Addition.swift */,
			);
			path = Extension;
			sourceTree = "<group>";
		};
		9F79BEAC2CAF4EA600649ED0 /* View */ = {
			isa = PBXGroup;
			children = (
				9F79BEAA2CAF4EA600649ED0 /* ForecastWeatherView.swift */,
				9F79BEAB2CAF4EA600649ED0 /* WeatherView.swift */,
			);
			path = View;
			sourceTree = "<group>";
		};
		9F79BEAE2CAF4EA600649ED0 /* ViewModel */ = {
			isa = PBXGroup;
			children = (
				9F79BEAD2CAF4EA600649ED0 /* WeatherViewModel.swift */,
			);
			path = ViewModel;
			sourceTree = "<group>";
		};
		9F79BEAF2CAF4EA600649ED0 /* Presentation */ = {
			isa = PBXGroup;
			children = (
				9F79BEAC2CAF4EA600649ED0 /* View */,
				9F79BEAE2CAF4EA600649ED0 /* ViewModel */,
			);
			path = Presentation;
			sourceTree = "<group>";
		};
/* End PBXGroup section */

/* Begin PBXNativeTarget section */
		45A2CC572CAF379D0015A0D7 /* bootcamp-weather-app */ = {
			isa = PBXNativeTarget;
			buildConfigurationList = 45A2CC7C2CAF379F0015A0D7 /* Build configuration list for PBXNativeTarget "bootcamp-weather-app" */;
			buildPhases = (
				45A2CC542CAF379D0015A0D7 /* Sources */,
				45A2CC552CAF379D0015A0D7 /* Frameworks */,
				45A2CC562CAF379D0015A0D7 /* Resources */,
			);
			buildRules = (
			);
			dependencies = (
			);
			name = "bootcamp-weather-app";
			productName = "bootcamp-weather-app";
			productReference = 45A2CC582CAF379D0015A0D7 /* bootcamp-weather-app.app */;
			productType = "com.apple.product-type.application";
		};
		45A2CC672CAF379F0015A0D7 /* bootcamp-weather-appTests */ = {
			isa = PBXNativeTarget;
			buildConfigurationList = 45A2CC7F2CAF379F0015A0D7 /* Build configuration list for PBXNativeTarget "bootcamp-weather-appTests" */;
			buildPhases = (
				45A2CC642CAF379F0015A0D7 /* Sources */,
				45A2CC652CAF379F0015A0D7 /* Frameworks */,
				45A2CC662CAF379F0015A0D7 /* Resources */,
			);
			buildRules = (
			);
			dependencies = (
				45A2CC6A2CAF379F0015A0D7 /* PBXTargetDependency */,
			);
			name = "bootcamp-weather-appTests";
			productName = "bootcamp-weather-appTests";
			productReference = 45A2CC682CAF379F0015A0D7 /* bootcamp-weather-appTests.xctest */;
			productType = "com.apple.product-type.bundle.unit-test";
		};
		45A2CC712CAF379F0015A0D7 /* bootcamp-weather-appUITests */ = {
			isa = PBXNativeTarget;
			buildConfigurationList = 45A2CC822CAF379F0015A0D7 /* Build configuration list for PBXNativeTarget "bootcamp-weather-appUITests" */;
			buildPhases = (
				45A2CC6E2CAF379F0015A0D7 /* Sources */,
				45A2CC6F2CAF379F0015A0D7 /* Frameworks */,
				45A2CC702CAF379F0015A0D7 /* Resources */,
			);
			buildRules = (
			);
			dependencies = (
				45A2CC742CAF379F0015A0D7 /* PBXTargetDependency */,
			);
			name = "bootcamp-weather-appUITests";
			productName = "bootcamp-weather-appUITests";
			productReference = 45A2CC722CAF379F0015A0D7 /* bootcamp-weather-appUITests.xctest */;
			productType = "com.apple.product-type.bundle.ui-testing";
		};
/* End PBXNativeTarget section */

/* Begin PBXProject section */
		45A2CC502CAF379D0015A0D7 /* Project object */ = {
			isa = PBXProject;
			attributes = {
				BuildIndependentTargetsInParallel = 1;
				LastSwiftUpdateCheck = 1510;
				LastUpgradeCheck = 1510;
				TargetAttributes = {
					45A2CC572CAF379D0015A0D7 = {
						CreatedOnToolsVersion = 15.1;
					};
					45A2CC672CAF379F0015A0D7 = {
						CreatedOnToolsVersion = 15.1;
						TestTargetID = 45A2CC572CAF379D0015A0D7;
					};
					45A2CC712CAF379F0015A0D7 = {
						CreatedOnToolsVersion = 15.1;
						TestTargetID = 45A2CC572CAF379D0015A0D7;
					};
				};
			};
			buildConfigurationList = 45A2CC532CAF379D0015A0D7 /* Build configuration list for PBXProject "bootcamp-weather-app" */;
			compatibilityVersion = "Xcode 14.0";
			developmentRegion = en;
			hasScannedForEncodings = 0;
			knownRegions = (
				en,
				Base,
			);
			mainGroup = 45A2CC4F2CAF379D0015A0D7;
			productRefGroup = 45A2CC592CAF379D0015A0D7 /* Products */;
			projectDirPath = "";
			projectRoot = "";
			targets = (
				45A2CC572CAF379D0015A0D7 /* bootcamp-weather-app */,
				45A2CC672CAF379F0015A0D7 /* bootcamp-weather-appTests */,
				45A2CC712CAF379F0015A0D7 /* bootcamp-weather-appUITests */,
			);
		};
/* End PBXProject section */

/* Begin PBXResourcesBuildPhase section */
		45A2CC562CAF379D0015A0D7 /* Resources */ = {
			isa = PBXResourcesBuildPhase;
			buildActionMask = 2147483647;
			files = (
				45A2CC632CAF379F0015A0D7 /* Preview Assets.xcassets in Resources */,
				45A2CC602CAF379F0015A0D7 /* Assets.xcassets in Resources */,
			);
			runOnlyForDeploymentPostprocessing = 0;
		};
		45A2CC662CAF379F0015A0D7 /* Resources */ = {
			isa = PBXResourcesBuildPhase;
			buildActionMask = 2147483647;
			files = (
			);
			runOnlyForDeploymentPostprocessing = 0;
		};
		45A2CC702CAF379F0015A0D7 /* Resources */ = {
			isa = PBXResourcesBuildPhase;
			buildActionMask = 2147483647;
			files = (
			);
			runOnlyForDeploymentPostprocessing = 0;
		};
/* End PBXResourcesBuildPhase section */

/* Begin PBXSourcesBuildPhase section */
		45A2CC542CAF379D0015A0D7 /* Sources */ = {
			isa = PBXSourcesBuildPhase;
			buildActionMask = 2147483647;
			files = (
				45A2CC892CAF4BD40015A0D7 /* WeatherService.swift in Sources */,
				45A2CC8B2CAF4C100015A0D7 /* CurrentWeather.swift in Sources */,
				45A2CC862CAF38B60015A0D7 /* API.swift in Sources */,
				45A2CC5C2CAF379D0015A0D7 /* bootcamp_weather_appApp.swift in Sources */,
				9F79BEB02CAF4EA600649ED0 /* ForecastWeatherView.swift in Sources */,
				9F79BEB12CAF4EA600649ED0 /* WeatherViewModel.swift in Sources */,
				9F79BEB22CAF4EA600649ED0 /* Color+Addition.swift in Sources */,
				9F79BEB32CAF4EA600649ED0 /* WeatherView.swift in Sources */,
			);
			runOnlyForDeploymentPostprocessing = 0;
		};
		45A2CC642CAF379F0015A0D7 /* Sources */ = {
			isa = PBXSourcesBuildPhase;
			buildActionMask = 2147483647;
			files = (
				45A2CC6D2CAF379F0015A0D7 /* bootcamp_weather_appTests.swift in Sources */,
			);
			runOnlyForDeploymentPostprocessing = 0;
		};
		45A2CC6E2CAF379F0015A0D7 /* Sources */ = {
			isa = PBXSourcesBuildPhase;
			buildActionMask = 2147483647;
			files = (
				45A2CC792CAF379F0015A0D7 /* bootcamp_weather_appUITestsLaunchTests.swift in Sources */,
				45A2CC772CAF379F0015A0D7 /* bootcamp_weather_appUITests.swift in Sources */,
			);
			runOnlyForDeploymentPostprocessing = 0;
		};
/* End PBXSourcesBuildPhase section */

/* Begin PBXTargetDependency section */
		45A2CC6A2CAF379F0015A0D7 /* PBXTargetDependency */ = {
			isa = PBXTargetDependency;
			target = 45A2CC572CAF379D0015A0D7 /* bootcamp-weather-app */;
			targetProxy = 45A2CC692CAF379F0015A0D7 /* PBXContainerItemProxy */;
		};
		45A2CC742CAF379F0015A0D7 /* PBXTargetDependency */ = {
			isa = PBXTargetDependency;
			target = 45A2CC572CAF379D0015A0D7 /* bootcamp-weather-app */;
			targetProxy = 45A2CC732CAF379F0015A0D7 /* PBXContainerItemProxy */;
		};
/* End PBXTargetDependency section */

/* Begin XCBuildConfiguration section */
		45A2CC7A2CAF379F0015A0D7 /* Debug */ = {
			isa = XCBuildConfiguration;
			buildSettings = {
				ALWAYS_SEARCH_USER_PATHS = NO;
				ASSETCATALOG_COMPILER_GENERATE_SWIFT_ASSET_SYMBOL_EXTENSIONS = YES;
				CLANG_ANALYZER_NONNULL = YES;
				CLANG_ANALYZER_NUMBER_OBJECT_CONVERSION = YES_AGGRESSIVE;
				CLANG_CXX_LANGUAGE_STANDARD = "gnu++20";
				CLANG_ENABLE_MODULES = YES;
				CLANG_ENABLE_OBJC_ARC = YES;
				CLANG_ENABLE_OBJC_WEAK = YES;
				CLANG_WARN_BLOCK_CAPTURE_AUTORELEASING = YES;
				CLANG_WARN_BOOL_CONVERSION = YES;
				CLANG_WARN_COMMA = YES;
				CLANG_WARN_CONSTANT_CONVERSION = YES;
				CLANG_WARN_DEPRECATED_OBJC_IMPLEMENTATIONS = YES;
				CLANG_WARN_DIRECT_OBJC_ISA_USAGE = YES_ERROR;
				CLANG_WARN_DOCUMENTATION_COMMENTS = YES;
				CLANG_WARN_EMPTY_BODY = YES;
				CLANG_WARN_ENUM_CONVERSION = YES;
				CLANG_WARN_INFINITE_RECURSION = YES;
				CLANG_WARN_INT_CONVERSION = YES;
				CLANG_WARN_NON_LITERAL_NULL_CONVERSION = YES;
				CLANG_WARN_OBJC_IMPLICIT_RETAIN_SELF = YES;
				CLANG_WARN_OBJC_LITERAL_CONVERSION = YES;
				CLANG_WARN_OBJC_ROOT_CLASS = YES_ERROR;
				CLANG_WARN_QUOTED_INCLUDE_IN_FRAMEWORK_HEADER = YES;
				CLANG_WARN_RANGE_LOOP_ANALYSIS = YES;
				CLANG_WARN_STRICT_PROTOTYPES = YES;
				CLANG_WARN_SUSPICIOUS_MOVE = YES;
				CLANG_WARN_UNGUARDED_AVAILABILITY = YES_AGGRESSIVE;
				CLANG_WARN_UNREACHABLE_CODE = YES;
				CLANG_WARN__DUPLICATE_METHOD_MATCH = YES;
				COPY_PHASE_STRIP = NO;
				DEBUG_INFORMATION_FORMAT = dwarf;
				ENABLE_STRICT_OBJC_MSGSEND = YES;
				ENABLE_TESTABILITY = YES;
				ENABLE_USER_SCRIPT_SANDBOXING = YES;
				GCC_C_LANGUAGE_STANDARD = gnu17;
				GCC_DYNAMIC_NO_PIC = NO;
				GCC_NO_COMMON_BLOCKS = YES;
				GCC_OPTIMIZATION_LEVEL = 0;
				GCC_PREPROCESSOR_DEFINITIONS = (
					"DEBUG=1",
					"$(inherited)",
				);
				GCC_WARN_64_TO_32_BIT_CONVERSION = YES;
				GCC_WARN_ABOUT_RETURN_TYPE = YES_ERROR;
				GCC_WARN_UNDECLARED_SELECTOR = YES;
				GCC_WARN_UNINITIALIZED_AUTOS = YES_AGGRESSIVE;
				GCC_WARN_UNUSED_FUNCTION = YES;
				GCC_WARN_UNUSED_VARIABLE = YES;
				IPHONEOS_DEPLOYMENT_TARGET = 17.2;
				LOCALIZATION_PREFERS_STRING_CATALOGS = YES;
				MTL_ENABLE_DEBUG_INFO = INCLUDE_SOURCE;
				MTL_FAST_MATH = YES;
				ONLY_ACTIVE_ARCH = YES;
				SDKROOT = iphoneos;
				SWIFT_ACTIVE_COMPILATION_CONDITIONS = "DEBUG $(inherited)";
				SWIFT_OPTIMIZATION_LEVEL = "-Onone";
			};
			name = Debug;
		};
		45A2CC7B2CAF379F0015A0D7 /* Release */ = {
			isa = XCBuildConfiguration;
			buildSettings = {
				ALWAYS_SEARCH_USER_PATHS = NO;
				ASSETCATALOG_COMPILER_GENERATE_SWIFT_ASSET_SYMBOL_EXTENSIONS = YES;
				CLANG_ANALYZER_NONNULL = YES;
				CLANG_ANALYZER_NUMBER_OBJECT_CONVERSION = YES_AGGRESSIVE;
				CLANG_CXX_LANGUAGE_STANDARD = "gnu++20";
				CLANG_ENABLE_MODULES = YES;
				CLANG_ENABLE_OBJC_ARC = YES;
				CLANG_ENABLE_OBJC_WEAK = YES;
				CLANG_WARN_BLOCK_CAPTURE_AUTORELEASING = YES;
				CLANG_WARN_BOOL_CONVERSION = YES;
				CLANG_WARN_COMMA = YES;
				CLANG_WARN_CONSTANT_CONVERSION = YES;
				CLANG_WARN_DEPRECATED_OBJC_IMPLEMENTATIONS = YES;
				CLANG_WARN_DIRECT_OBJC_ISA_USAGE = YES_ERROR;
				CLANG_WARN_DOCUMENTATION_COMMENTS = YES;
				CLANG_WARN_EMPTY_BODY = YES;
				CLANG_WARN_ENUM_CONVERSION = YES;
				CLANG_WARN_INFINITE_RECURSION = YES;
				CLANG_WARN_INT_CONVERSION = YES;
				CLANG_WARN_NON_LITERAL_NULL_CONVERSION = YES;
				CLANG_WARN_OBJC_IMPLICIT_RETAIN_SELF = YES;
				CLANG_WARN_OBJC_LITERAL_CONVERSION = YES;
				CLANG_WARN_OBJC_ROOT_CLASS = YES_ERROR;
				CLANG_WARN_QUOTED_INCLUDE_IN_FRAMEWORK_HEADER = YES;
				CLANG_WARN_RANGE_LOOP_ANALYSIS = YES;
				CLANG_WARN_STRICT_PROTOTYPES = YES;
				CLANG_WARN_SUSPICIOUS_MOVE = YES;
				CLANG_WARN_UNGUARDED_AVAILABILITY = YES_AGGRESSIVE;
				CLANG_WARN_UNREACHABLE_CODE = YES;
				CLANG_WARN__DUPLICATE_METHOD_MATCH = YES;
				COPY_PHASE_STRIP = NO;
				DEBUG_INFORMATION_FORMAT = "dwarf-with-dsym";
				ENABLE_NS_ASSERTIONS = NO;
				ENABLE_STRICT_OBJC_MSGSEND = YES;
				ENABLE_USER_SCRIPT_SANDBOXING = YES;
				GCC_C_LANGUAGE_STANDARD = gnu17;
				GCC_NO_COMMON_BLOCKS = YES;
				GCC_WARN_64_TO_32_BIT_CONVERSION = YES;
				GCC_WARN_ABOUT_RETURN_TYPE = YES_ERROR;
				GCC_WARN_UNDECLARED_SELECTOR = YES;
				GCC_WARN_UNINITIALIZED_AUTOS = YES_AGGRESSIVE;
				GCC_WARN_UNUSED_FUNCTION = YES;
				GCC_WARN_UNUSED_VARIABLE = YES;
				IPHONEOS_DEPLOYMENT_TARGET = 17.2;
				LOCALIZATION_PREFERS_STRING_CATALOGS = YES;
				MTL_ENABLE_DEBUG_INFO = NO;
				MTL_FAST_MATH = YES;
				SDKROOT = iphoneos;
				SWIFT_COMPILATION_MODE = wholemodule;
				VALIDATE_PRODUCT = YES;
			};
			name = Release;
		};
		45A2CC7D2CAF379F0015A0D7 /* Debug */ = {
			isa = XCBuildConfiguration;
			buildSettings = {
				ASSETCATALOG_COMPILER_APPICON_NAME = AppIcon;
				ASSETCATALOG_COMPILER_GLOBAL_ACCENT_COLOR_NAME = AccentColor;
				CODE_SIGN_STYLE = Automatic;
				CURRENT_PROJECT_VERSION = 1;
				DEVELOPMENT_ASSET_PATHS = "\"bootcamp-weather-app/Preview Content\"";
				DEVELOPMENT_TEAM = QPA7RE6Q2Q;
				ENABLE_PREVIEWS = YES;
				GENERATE_INFOPLIST_FILE = YES;
				INFOPLIST_KEY_UIApplicationSceneManifest_Generation = YES;
				INFOPLIST_KEY_UIApplicationSupportsIndirectInputEvents = YES;
				INFOPLIST_KEY_UILaunchScreen_Generation = YES;
				INFOPLIST_KEY_UISupportedInterfaceOrientations_iPad = "UIInterfaceOrientationPortrait UIInterfaceOrientationPortraitUpsideDown UIInterfaceOrientationLandscapeLeft UIInterfaceOrientationLandscapeRight";
				INFOPLIST_KEY_UISupportedInterfaceOrientations_iPhone = "UIInterfaceOrientationPortrait UIInterfaceOrientationLandscapeLeft UIInterfaceOrientationLandscapeRight";
				LD_RUNPATH_SEARCH_PATHS = (
					"$(inherited)",
					"@executable_path/Frameworks",
				);
				MARKETING_VERSION = 1.0;
				PRODUCT_BUNDLE_IDENTIFIER = "asdfasdf.bootcamp-weather-app";
				PRODUCT_NAME = "$(TARGET_NAME)";
				SWIFT_EMIT_LOC_STRINGS = YES;
				SWIFT_VERSION = 5.0;
				TARGETED_DEVICE_FAMILY = "1,2";
			};
			name = Debug;
		};
		45A2CC7E2CAF379F0015A0D7 /* Release */ = {
			isa = XCBuildConfiguration;
			buildSettings = {
				ASSETCATALOG_COMPILER_APPICON_NAME = AppIcon;
				ASSETCATALOG_COMPILER_GLOBAL_ACCENT_COLOR_NAME = AccentColor;
				CODE_SIGN_STYLE = Automatic;
				CURRENT_PROJECT_VERSION = 1;
				DEVELOPMENT_ASSET_PATHS = "\"bootcamp-weather-app/Preview Content\"";
				DEVELOPMENT_TEAM = QPA7RE6Q2Q;
				ENABLE_PREVIEWS = YES;
				GENERATE_INFOPLIST_FILE = YES;
				INFOPLIST_KEY_UIApplicationSceneManifest_Generation = YES;
				INFOPLIST_KEY_UIApplicationSupportsIndirectInputEvents = YES;
				INFOPLIST_KEY_UILaunchScreen_Generation = YES;
				INFOPLIST_KEY_UISupportedInterfaceOrientations_iPad = "UIInterfaceOrientationPortrait UIInterfaceOrientationPortraitUpsideDown UIInterfaceOrientationLandscapeLeft UIInterfaceOrientationLandscapeRight";
				INFOPLIST_KEY_UISupportedInterfaceOrientations_iPhone = "UIInterfaceOrientationPortrait UIInterfaceOrientationLandscapeLeft UIInterfaceOrientationLandscapeRight";
				LD_RUNPATH_SEARCH_PATHS = (
					"$(inherited)",
					"@executable_path/Frameworks",
				);
				MARKETING_VERSION = 1.0;
				PRODUCT_BUNDLE_IDENTIFIER = "asdfasdf.bootcamp-weather-app";
				PRODUCT_NAME = "$(TARGET_NAME)";
				SWIFT_EMIT_LOC_STRINGS = YES;
				SWIFT_VERSION = 5.0;
				TARGETED_DEVICE_FAMILY = "1,2";
			};
			name = Release;
		};
		45A2CC802CAF379F0015A0D7 /* Debug */ = {
			isa = XCBuildConfiguration;
			buildSettings = {
				ALWAYS_EMBED_SWIFT_STANDARD_LIBRARIES = YES;
				BUNDLE_LOADER = "$(TEST_HOST)";
				CODE_SIGN_STYLE = Automatic;
				CURRENT_PROJECT_VERSION = 1;
				DEVELOPMENT_TEAM = QPA7RE6Q2Q;
				GENERATE_INFOPLIST_FILE = YES;
				IPHONEOS_DEPLOYMENT_TARGET = 17.2;
				MARKETING_VERSION = 1.0;
				PRODUCT_BUNDLE_IDENTIFIER = "asdfasdf.bootcamp-weather-appTests";
				PRODUCT_NAME = "$(TARGET_NAME)";
				SWIFT_EMIT_LOC_STRINGS = NO;
				SWIFT_VERSION = 5.0;
				TARGETED_DEVICE_FAMILY = "1,2";
				TEST_HOST = "$(BUILT_PRODUCTS_DIR)/bootcamp-weather-app.app/$(BUNDLE_EXECUTABLE_FOLDER_PATH)/bootcamp-weather-app";
			};
			name = Debug;
		};
		45A2CC812CAF379F0015A0D7 /* Release */ = {
			isa = XCBuildConfiguration;
			buildSettings = {
				ALWAYS_EMBED_SWIFT_STANDARD_LIBRARIES = YES;
				BUNDLE_LOADER = "$(TEST_HOST)";
				CODE_SIGN_STYLE = Automatic;
				CURRENT_PROJECT_VERSION = 1;
				DEVELOPMENT_TEAM = QPA7RE6Q2Q;
				GENERATE_INFOPLIST_FILE = YES;
				IPHONEOS_DEPLOYMENT_TARGET = 17.2;
				MARKETING_VERSION = 1.0;
				PRODUCT_BUNDLE_IDENTIFIER = "asdfasdf.bootcamp-weather-appTests";
				PRODUCT_NAME = "$(TARGET_NAME)";
				SWIFT_EMIT_LOC_STRINGS = NO;
				SWIFT_VERSION = 5.0;
				TARGETED_DEVICE_FAMILY = "1,2";
				TEST_HOST = "$(BUILT_PRODUCTS_DIR)/bootcamp-weather-app.app/$(BUNDLE_EXECUTABLE_FOLDER_PATH)/bootcamp-weather-app";
			};
			name = Release;
		};
		45A2CC832CAF379F0015A0D7 /* Debug */ = {
			isa = XCBuildConfiguration;
			buildSettings = {
				ALWAYS_EMBED_SWIFT_STANDARD_LIBRARIES = YES;
				CODE_SIGN_STYLE = Automatic;
				CURRENT_PROJECT_VERSION = 1;
				DEVELOPMENT_TEAM = QPA7RE6Q2Q;
				GENERATE_INFOPLIST_FILE = YES;
				MARKETING_VERSION = 1.0;
				PRODUCT_BUNDLE_IDENTIFIER = "asdfasdf.bootcamp-weather-appUITests";
				PRODUCT_NAME = "$(TARGET_NAME)";
				SWIFT_EMIT_LOC_STRINGS = NO;
				SWIFT_VERSION = 5.0;
				TARGETED_DEVICE_FAMILY = "1,2";
				TEST_TARGET_NAME = "bootcamp-weather-app";
			};
			name = Debug;
		};
		45A2CC842CAF379F0015A0D7 /* Release */ = {
			isa = XCBuildConfiguration;
			buildSettings = {
				ALWAYS_EMBED_SWIFT_STANDARD_LIBRARIES = YES;
				CODE_SIGN_STYLE = Automatic;
				CURRENT_PROJECT_VERSION = 1;
				DEVELOPMENT_TEAM = QPA7RE6Q2Q;
				GENERATE_INFOPLIST_FILE = YES;
				MARKETING_VERSION = 1.0;
				PRODUCT_BUNDLE_IDENTIFIER = "asdfasdf.bootcamp-weather-appUITests";
				PRODUCT_NAME = "$(TARGET_NAME)";
				SWIFT_EMIT_LOC_STRINGS = NO;
				SWIFT_VERSION = 5.0;
				TARGETED_DEVICE_FAMILY = "1,2";
				TEST_TARGET_NAME = "bootcamp-weather-app";
			};
			name = Release;
		};
/* End XCBuildConfiguration section */

/* Begin XCConfigurationList section */
		45A2CC532CAF379D0015A0D7 /* Build configuration list for PBXProject "bootcamp-weather-app" */ = {
			isa = XCConfigurationList;
			buildConfigurations = (
				45A2CC7A2CAF379F0015A0D7 /* Debug */,
				45A2CC7B2CAF379F0015A0D7 /* Release */,
			);
			defaultConfigurationIsVisible = 0;
			defaultConfigurationName = Release;
		};
		45A2CC7C2CAF379F0015A0D7 /* Build configuration list for PBXNativeTarget "bootcamp-weather-app" */ = {
			isa = XCConfigurationList;
			buildConfigurations = (
				45A2CC7D2CAF379F0015A0D7 /* Debug */,
				45A2CC7E2CAF379F0015A0D7 /* Release */,
			);
			defaultConfigurationIsVisible = 0;
			defaultConfigurationName = Release;
		};
		45A2CC7F2CAF379F0015A0D7 /* Build configuration list for PBXNativeTarget "bootcamp-weather-appTests" */ = {
			isa = XCConfigurationList;
			buildConfigurations = (
				45A2CC802CAF379F0015A0D7 /* Debug */,
				45A2CC812CAF379F0015A0D7 /* Release */,
			);
			defaultConfigurationIsVisible = 0;
			defaultConfigurationName = Release;
		};
		45A2CC822CAF379F0015A0D7 /* Build configuration list for PBXNativeTarget "bootcamp-weather-appUITests" */ = {
			isa = XCConfigurationList;
			buildConfigurations = (
				45A2CC832CAF379F0015A0D7 /* Debug */,
				45A2CC842CAF379F0015A0D7 /* Release */,
			);
			defaultConfigurationIsVisible = 0;
			defaultConfigurationName = Release;
		};
/* End XCConfigurationList section */
	};
	rootObject = 45A2CC502CAF379D0015A0D7 /* Project object */;
}
